
Microsoft Visual Studio Solution File, Format Version 12.00
# Visual Studio Version 16
VisualStudioVersion = 16.0.32106.194
MinimumVisualStudioVersion = 10.0.40219.1
Project("{FAE04EC0-301F-11D3-BF4B-00C04F79EFBC}") = "FAQs", "FAQs.csproj", "{A3D47998-1D44-4A2D-9780-7EE6506A0D79}"
EndProject
Global
	GlobalSection(SolutionConfigurationPlatforms) = preSolution
		Debug|Any CPU = Debug|Any CPU
		Release|Any CPU = Release|Any CPU
	EndGlobalSection
	GlobalSection(ProjectConfigurationPlatforms) = postSolution
		{A3D47998-1D44-4A2D-9780-7EE6506A0D79}.Debug|Any CPU.ActiveCfg = Debug|Any CPU
		{A3D47998-1D44-4A2D-9780-7EE6506A0D79}.Debug|Any CPU.Build.0 = Debug|Any CPU
		{A3D47998-1D44-4A2D-9780-7EE6506A0D79}.Release|Any CPU.ActiveCfg = Release|Any CPU
		{A3D47998-1D44-4A2D-9780-7EE6506A0D79}.Release|Any CPU.Build.0 = Release|Any CPU
	EndGlobalSection
	GlobalSection(SolutionProperties) = preSolution
		HideSolutionNode = FALSE
	EndGlobalSection
	GlobalSection(ExtensibilityGlobals) = postSolution
		SolutionGuid = {B151B303-48C4-45EF-9A2B-F60FADF5B829}
	EndGlobalSection
EndGlobal
